
Microsoft Visual Studio Solution File, Format Version 12.00
# Visual Studio Version 17
VisualStudioVersion = 17.13.35828.75 d17.13
MinimumVisualStudioVersion = 10.0.40219.1
Project("{FAE04EC0-301F-11D3-BF4B-00C04F79EFBC}") = "conrtrolloAccessi", "conrtrolloAccessi\conrtrolloAccessi.csproj", "{9BD98315-E7AA-4290-ADD3-88952F26C4CF}"
EndProject
Global
	GlobalSection(SolutionConfigurationPlatforms) = preSolution
		Debug|Any CPU = Debug|Any CPU
		Release|Any CPU = Release|Any CPU
	EndGlobalSection
	GlobalSection(ProjectConfigurationPlatforms) = postSolution
		{9BD98315-E7AA-4290-ADD3-88952F26C4CF}.Debug|Any CPU.ActiveCfg = Debug|Any CPU
		{9BD98315-E7AA-4290-ADD3-88952F26C4CF}.Debug|Any CPU.Build.0 = Debug|Any CPU
		{9BD98315-E7AA-4290-ADD3-88952F26C4CF}.Release|Any CPU.ActiveCfg = Release|Any CPU
		{9BD98315-E7AA-4290-ADD3-88952F26C4CF}.Release|Any CPU.Build.0 = Release|Any CPU
	EndGlobalSection
	GlobalSection(SolutionProperties) = preSolution
		HideSolutionNode = FALSE
	EndGlobalSection
	GlobalSection(ExtensibilityGlobals) = postSolution
		SolutionGuid = {D33B859B-EDD6-4687-9BCC-BA48A6F6EF3B}
	EndGlobalSection
EndGlobal
